
Microsoft Visual Studio Solution File, Format Version 12.00
# Visual Studio 2012
Project("{FAE04EC0-301F-11D3-BF4B-00C04F79EFBC}") = "MyGitProject", "MyGitProject\MyGitProject.csproj", "{944AB003-A4A8-40C2-8EB7-FB8A810C401B}"
EndProject
Global
	GlobalSection(SolutionConfigurationPlatforms) = preSolution
		Debug|Any CPU = Debug|Any CPU
		Release|Any CPU = Release|Any CPU
	EndGlobalSection
	GlobalSection(ProjectConfigurationPlatforms) = postSolution
		{944AB003-A4A8-40C2-8EB7-FB8A810C401B}.Debug|Any CPU.ActiveCfg = Debug|Any CPU
		{944AB003-A4A8-40C2-8EB7-FB8A810C401B}.Debug|Any CPU.Build.0 = Debug|Any CPU
		{944AB003-A4A8-40C2-8EB7-FB8A810C401B}.Release|Any CPU.ActiveCfg = Release|Any CPU
		{944AB003-A4A8-40C2-8EB7-FB8A810C401B}.Release|Any CPU.Build.0 = Release|Any CPU
	EndGlobalSection
	GlobalSection(SolutionProperties) = preSolution
		HideSolutionNode = FALSE
	EndGlobalSection
EndGlobal
